{
  "name": "@anywhichway/map",
  "version": "0.0.1",
  "lockfileVersion": 3,
  "requires": true,
  "packages": {
    "": {
      "name": "@anywhichway/map",
      "version": "0.0.1",
      "license": "MIT",
      "dependencies": {
        "arg-waiter": "^0.0.1"
      }
    },
    "node_modules/arg-waiter": {
      "version": "0.0.1",
      "resolved": "https://registry.npmjs.org/arg-waiter/-/arg-waiter-0.0.1.tgz",
      "integrity": "sha512-gG/kYldl+Oj50fjnRhNNvnIO0RVxfKcL3M8GuhJ4zibZmgj2nAYODEj1jEJifItAgom7GDZp14axUVeKuICTzg=="
    }
  }
}
